// !$*UTF8*$!
{
	archiveVersion = 1;
	classes = {
	};
	objectVersion = 77;
	objects = {

/* Begin PBXBuildFile section */
		AE932C7F2E08A99F001B6FCE /* FirebaseAuth in Frameworks */ = {isa = PBXBuildFile; productRef = AE932C7E2E08A99F001B6FCE /* FirebaseAuth */; };
		AE932C812E08AA08001B6FCE /* FirebaseAnalytics in Frameworks */ = {isa = PBXBuildFile; productRef = AE932C802E08AA08001B6FCE /* FirebaseAnalytics */; };
/* End PBXBuildFile section */

/* Begin PBXContainerItemProxy section */
		AE932C112E0825F3001B6FCE /* PBXContainerItemProxy */ = {
			isa = PBXContainerItemProxy;
			containerPortal = AE932BFB2E0825F2001B6FCE /* Project object */;
			proxyType = 1;
			remoteGlobalIDString = AE932C022E0825F2001B6FCE;
			remoteInfo = Culinova;
		};
		AE932C1B2E0825F3001B6FCE /* PBXContainerItemProxy */ = {
			isa = PBXContainerItemProxy;
			containerPortal = AE932BFB2E0825F2001B6FCE /* Project object */;
			proxyType = 1;
			remoteGlobalIDString = AE932C022E0825F2001B6FCE;
			remoteInfo = Culinova;
		};
/* End PBXContainerItemProxy section */

/* Begin PBXFileReference section */
		AE932C032E0825F2001B6FCE /* Culinova.app */ = {isa = PBXFileReference; explicitFileType = wrapper.application; includeInIndex = 0; path = Culinova.app; sourceTree = BUILT_PRODUCTS_DIR; };
		AE932C102E0825F3001B6FCE /* CulinovaTests.xctest */ = {isa = PBXFileReference; explicitFileType = wrapper.cfbundle; includeInIndex = 0; path = CulinovaTests.xctest; sourceTree = BUILT_PRODUCTS_DIR; };
		AE932C1A2E0825F3001B6FCE /* CulinovaUITests.xctest */ = {isa = PBXFileReference; explicitFileType = wrapper.cfbundle; includeInIndex = 0; path = CulinovaUITests.xctest; sourceTree = BUILT_PRODUCTS_DIR; };
/* End PBXFileReference section */

/* Begin PBXFileSystemSynchronizedRootGroup section */
		AE932C052E0825F2001B6FCE /* Culinova */ = {
			isa = PBXFileSystemSynchronizedRootGroup;
			path = Culinova;
			sourceTree = "<group>";
		};
		AE932C132E0825F3001B6FCE /* CulinovaTests */ = {
			isa = PBXFileSystemSynchronizedRootGroup;
			path = CulinovaTests;
			sourceTree = "<group>";
		};
		AE932C1D2E0825F3001B6FCE /* CulinovaUITests */ = {
			isa = PBXFileSystemSynchronizedRootGroup;
			path = CulinovaUITests;
			sourceTree = "<group>";
		};
/* End PBXFileSystemSynchronizedRootGroup section */

/* Begin PBXFrameworksBuildPhase section */
		AE932C002E0825F2001B6FCE /* Frameworks */ = {
			isa = PBXFrameworksBuildPhase;
			buildActionMask = 2147483647;
			files = (
				AE932C812E08AA08001B6FCE /* FirebaseAnalytics in Frameworks */,
				AE932C7F2E08A99F001B6FCE /* FirebaseAuth in Frameworks */,
			);
			runOnlyForDeploymentPostprocessing = 0;
		};
		AE932C0D2E0825F3001B6FCE /* Frameworks */ = {
			isa = PBXFrameworksBuildPhase;
			buildActionMask = 2147483647;
			files = (
			);
			runOnlyForDeploymentPostprocessing = 0;
		};
		AE932C172E0825F3001B6FCE /* Frameworks */ = {
			isa = PBXFrameworksBuildPhase;
			buildActionMask = 2147483647;
			files = (
			);
			runOnlyForDeploymentPostprocessing = 0;
		};
/* End PBXFrameworksBuildPhase section */

/* Begin PBXGroup section */
		AE932BFA2E0825F2001B6FCE = {
			isa = PBXGroup;
			children = (
				AE932C052E0825F2001B6FCE /* Culinova */,
				AE932C132E0825F3001B6FCE /* CulinovaTests */,
				AE932C1D2E0825F3001B6FCE /* CulinovaUITests */,
				AE932C042E0825F2001B6FCE /* Products */,
			);
			sourceTree = "<group>";
		};
		AE932C042E0825F2001B6FCE /* Products */ = {
			isa = PBXGroup;
			children = (
				AE932C032E0825F2001B6FCE /* Culinova.app */,
				AE932C102E0825F3001B6FCE /* CulinovaTests.xctest */,
				AE932C1A2E0825F3001B6FCE /* CulinovaUITests.xctest */,
			);
			name = Products;
			sourceTree = "<group>";
		};
/* End PBXGroup section */

/* Begin PBXNativeTarget section */
		AE932C022E0825F2001B6FCE /* Culinova */ = {
			isa = PBXNativeTarget;
			buildConfigurationList = AE932C242E0825F3001B6FCE /* Build configuration list for PBXNativeTarget "Culinova" */;
			buildPhases = (
				AE932BFF2E0825F2001B6FCE /* Sources */,
				AE932C002E0825F2001B6FCE /* Frameworks */,
				AE932C012E0825F2001B6FCE /* Resources */,
			);
			buildRules = (
			);
			dependencies = (
			);
			fileSystemSynchronizedGroups = (
				AE932C052E0825F2001B6FCE /* Culinova */,
			);
			name = Culinova;
			packageProductDependencies = (
				AE932C7E2E08A99F001B6FCE /* FirebaseAuth */,
				AE932C802E08AA08001B6FCE /* FirebaseAnalytics */,
			);
			productName = Culinova;
			productReference = AE932C032E0825F2001B6FCE /* Culinova.app */;
			productType = "com.apple.product-type.application";
		};
		AE932C0F2E0825F3001B6FCE /* CulinovaTests */ = {
			isa = PBXNativeTarget;
			buildConfigurationList = AE932C272E0825F3001B6FCE /* Build configuration list for PBXNativeTarget "CulinovaTests" */;
			buildPhases = (
				AE932C0C2E0825F3001B6FCE /* Sources */,
				AE932C0D2E0825F3001B6FCE /* Frameworks */,
				AE932C0E2E0825F3001B6FCE /* Resources */,
			);
			buildRules = (
			);
			dependencies = (
				AE932C122E0825F3001B6FCE /* PBXTargetDependency */,
			);
			fileSystemSynchronizedGroups = (
				AE932C132E0825F3001B6FCE /* CulinovaTests */,
			);
			name = CulinovaTests;
			packageProductDependencies = (
			);
			productName = CulinovaTests;
			productReference = AE932C102E0825F3001B6FCE /* CulinovaTests.xctest */;
			productType = "com.apple.product-type.bundle.unit-test";
		};
		AE932C192E0825F3001B6FCE /* CulinovaUITests */ = {
			isa = PBXNativeTarget;
			buildConfigurationList = AE932C2A2E0825F3001B6FCE /* Build configuration list for PBXNativeTarget "CulinovaUITests" */;
			buildPhases = (
				AE932C162E0825F3001B6FCE /* Sources */,
				AE932C172E0825F3001B6FCE /* Frameworks */,
				AE932C182E0825F3001B6FCE /* Resources */,
			);
			buildRules = (
			);
			dependencies = (
				AE932C1C2E0825F3001B6FCE /* PBXTargetDependency */,
			);
			fileSystemSynchronizedGroups = (
				AE932C1D2E0825F3001B6FCE /* CulinovaUITests */,
			);
			name = CulinovaUITests;
			packageProductDependencies = (
			);
			productName = CulinovaUITests;
			productReference = AE932C1A2E0825F3001B6FCE /* CulinovaUITests.xctest */;
			productType = "com.apple.product-type.bundle.ui-testing";
		};
/* End PBXNativeTarget section */

/* Begin PBXProject section */
		AE932BFB2E0825F2001B6FCE /* Project object */ = {
			isa = PBXProject;
			attributes = {
				BuildIndependentTargetsInParallel = 1;
				LastSwiftUpdateCheck = 1640;
				LastUpgradeCheck = 1640;
				TargetAttributes = {
					AE932C022E0825F2001B6FCE = {
						CreatedOnToolsVersion = 16.4;
					};
					AE932C0F2E0825F3001B6FCE = {
						CreatedOnToolsVersion = 16.4;
						TestTargetID = AE932C022E0825F2001B6FCE;
					};
					AE932C192E0825F3001B6FCE = {
						CreatedOnToolsVersion = 16.4;
						TestTargetID = AE932C022E0825F2001B6FCE;
					};
				};
			};
			buildConfigurationList = AE932BFE2E0825F2001B6FCE /* Build configuration list for PBXProject "Culinova" */;
			developmentRegion = en;
			hasScannedForEncodings = 0;
			knownRegions = (
				en,
				Base,
			);
			mainGroup = AE932BFA2E0825F2001B6FCE;
			minimizedProjectReferenceProxies = 1;
			packageReferences = (
				AE932C7D2E08A99F001B6FCE /* XCRemoteSwiftPackageReference "firebase-ios-sdk" */,
			);
			preferredProjectObjectVersion = 77;
			productRefGroup = AE932C042E0825F2001B6FCE /* Products */;
			projectDirPath = "";
			projectRoot = "";
			targets = (
				AE932C022E0825F2001B6FCE /* Culinova */,
				AE932C0F2E0825F3001B6FCE /* CulinovaTests */,
				AE932C192E0825F3001B6FCE /* CulinovaUITests */,
			);
		};
/* End PBXProject section */

/* Begin PBXResourcesBuildPhase section */
		AE932C012E0825F2001B6FCE /* Resources */ = {
			isa = PBXResourcesBuildPhase;
			buildActionMask = 2147483647;
			files = (
			);
			runOnlyForDeploymentPostprocessing = 0;
		};
		AE932C0E2E0825F3001B6FCE /* Resources */ = {
			isa = PBXResourcesBuildPhase;
			buildActionMask = 2147483647;
			files = (
			);
			runOnlyForDeploymentPostprocessing = 0;
		};
		AE932C182E0825F3001B6FCE /* Resources */ = {
			isa = PBXResourcesBuildPhase;
			buildActionMask = 2147483647;
			files = (
			);
			runOnlyForDeploymentPostprocessing = 0;
		};
/* End PBXResourcesBuildPhase section */

/* Begin PBXSourcesBuildPhase section */
		AE932BFF2E0825F2001B6FCE /* Sources */ = {
			isa = PBXSourcesBuildPhase;
			buildActionMask = 2147483647;
			files = (
			);
			runOnlyForDeploymentPostprocessing = 0;
		};
		AE932C0C2E0825F3001B6FCE /* Sources */ = {
			isa = PBXSourcesBuildPhase;
			buildActionMask = 2147483647;
			files = (
			);
			runOnlyForDeploymentPostprocessing = 0;
		};
		AE932C162E0825F3001B6FCE /* Sources */ = {
			isa = PBXSourcesBuildPhase;
			buildActionMask = 2147483647;
			files = (
			);
			runOnlyForDeploymentPostprocessing = 0;
		};
/* End PBXSourcesBuildPhase section */

/* Begin PBXTargetDependency section */
		AE932C122E0825F3001B6FCE /* PBXTargetDependency */ = {
			isa = PBXTargetDependency;
			target = AE932C022E0825F2001B6FCE /* Culinova */;
			targetProxy = AE932C112E0825F3001B6FCE /* PBXContainerItemProxy */;
		};
		AE932C1C2E0825F3001B6FCE /* PBXTargetDependency */ = {
			isa = PBXTargetDependency;
			target = AE932C022E0825F2001B6FCE /* Culinova */;
			targetProxy = AE932C1B2E0825F3001B6FCE /* PBXContainerItemProxy */;
		};
/* End PBXTargetDependency section */

/* Begin XCBuildConfiguration section */
		AE932C222E0825F3001B6FCE /* Debug */ = {
			isa = XCBuildConfiguration;
			buildSettings = {
				ALWAYS_SEARCH_USER_PATHS = NO;
				ASSETCATALOG_COMPILER_GENERATE_SWIFT_ASSET_SYMBOL_EXTENSIONS = YES;
				CLANG_ANALYZER_NONNULL = YES;
				CLANG_ANALYZER_NUMBER_OBJECT_CONVERSION = YES_AGGRESSIVE;
				CLANG_CXX_LANGUAGE_STANDARD = "gnu++20";
				CLANG_ENABLE_MODULES = YES;
				CLANG_ENABLE_OBJC_ARC = YES;
				CLANG_ENABLE_OBJC_WEAK = YES;
				CLANG_WARN_BLOCK_CAPTURE_AUTORELEASING = YES;
				CLANG_WARN_BOOL_CONVERSION = YES;
				CLANG_WARN_COMMA = YES;
				CLANG_WARN_CONSTANT_CONVERSION = YES;
				CLANG_WARN_DEPRECATED_OBJC_IMPLEMENTATIONS = YES;
				CLANG_WARN_DIRECT_OBJC_ISA_USAGE = YES_ERROR;
				CLANG_WARN_DOCUMENTATION_COMMENTS = YES;
				CLANG_WARN_EMPTY_BODY = YES;
				CLANG_WARN_ENUM_CONVERSION = YES;
				CLANG_WARN_INFINITE_RECURSION = YES;
				CLANG_WARN_INT_CONVERSION = YES;
				CLANG_WARN_NON_LITERAL_NULL_CONVERSION = YES;
				CLANG_WARN_OBJC_IMPLICIT_RETAIN_SELF = YES;
				CLANG_WARN_OBJC_LITERAL_CONVERSION = YES;
				CLANG_WARN_OBJC_ROOT_CLASS = YES_ERROR;
				CLANG_WARN_QUOTED_INCLUDE_IN_FRAMEWORK_HEADER = YES;
				CLANG_WARN_RANGE_LOOP_ANALYSIS = YES;
				CLANG_WARN_STRICT_PROTOTYPES = YES;
				CLANG_WARN_SUSPICIOUS_MOVE = YES;
				CLANG_WARN_UNGUARDED_AVAILABILITY = YES_AGGRESSIVE;
				CLANG_WARN_UNREACHABLE_CODE = YES;
				CLANG_WARN__DUPLICATE_METHOD_MATCH = YES;
				COPY_PHASE_STRIP = NO;
				DEBUG_INFORMATION_FORMAT = dwarf;
				ENABLE_STRICT_OBJC_MSGSEND = YES;
				ENABLE_TESTABILITY = YES;
				ENABLE_USER_SCRIPT_SANDBOXING = YES;
				GCC_C_LANGUAGE_STANDARD = gnu17;
				GCC_DYNAMIC_NO_PIC = NO;
				GCC_NO_COMMON_BLOCKS = YES;
				GCC_OPTIMIZATION_LEVEL = 0;
				GCC_PREPROCESSOR_DEFINITIONS = (
					"DEBUG=1",
					"$(inherited)",
				);
				GCC_WARN_64_TO_32_BIT_CONVERSION = YES;
				GCC_WARN_ABOUT_RETURN_TYPE = YES_ERROR;
				GCC_WARN_UNDECLARED_SELECTOR = YES;
				GCC_WARN_UNINITIALIZED_AUTOS = YES_AGGRESSIVE;
				GCC_WARN_UNUSED_FUNCTION = YES;
				GCC_WARN_UNUSED_VARIABLE = YES;
				IPHONEOS_DEPLOYMENT_TARGET = 18.5;
				LOCALIZATION_PREFERS_STRING_CATALOGS = YES;
				MTL_ENABLE_DEBUG_INFO = INCLUDE_SOURCE;
				MTL_FAST_MATH = YES;
				ONLY_ACTIVE_ARCH = YES;
				SDKROOT = iphoneos;
				SWIFT_ACTIVE_COMPILATION_CONDITIONS = "DEBUG $(inherited)";
				SWIFT_OPTIMIZATION_LEVEL = "-Onone";
			};
			name = Debug;
		};
		AE932C232E0825F3001B6FCE /* Release */ = {
			isa = XCBuildConfiguration;
			buildSettings = {
				ALWAYS_SEARCH_USER_PATHS = NO;
				ASSETCATALOG_COMPILER_GENERATE_SWIFT_ASSET_SYMBOL_EXTENSIONS = YES;
				CLANG_ANALYZER_NONNULL = YES;
				CLANG_ANALYZER_NUMBER_OBJECT_CONVERSION = YES_AGGRESSIVE;
				CLANG_CXX_LANGUAGE_STANDARD = "gnu++20";
				CLANG_ENABLE_MODULES = YES;
				CLANG_ENABLE_OBJC_ARC = YES;
				CLANG_ENABLE_OBJC_WEAK = YES;
				CLANG_WARN_BLOCK_CAPTURE_AUTORELEASING = YES;
				CLANG_WARN_BOOL_CONVERSION = YES;
				CLANG_WARN_COMMA = YES;
				CLANG_WARN_CONSTANT_CONVERSION = YES;
				CLANG_WARN_DEPRECATED_OBJC_IMPLEMENTATIONS = YES;
				CLANG_WARN_DIRECT_OBJC_ISA_USAGE = YES_ERROR;
				CLANG_WARN_DOCUMENTATION_COMMENTS = YES;
				CLANG_WARN_EMPTY_BODY = YES;
				CLANG_WARN_ENUM_CONVERSION = YES;
				CLANG_WARN_INFINITE_RECURSION = YES;
				CLANG_WARN_INT_CONVERSION = YES;
				CLANG_WARN_NON_LITERAL_NULL_CONVERSION = YES;
				CLANG_WARN_OBJC_IMPLICIT_RETAIN_SELF = YES;
				CLANG_WARN_OBJC_LITERAL_CONVERSION = YES;
				CLANG_WARN_OBJC_ROOT_CLASS = YES_ERROR;
				CLANG_WARN_QUOTED_INCLUDE_IN_FRAMEWORK_HEADER = YES;
				CLANG_WARN_RANGE_LOOP_ANALYSIS = YES;
				CLANG_WARN_STRICT_PROTOTYPES = YES;
				CLANG_WARN_SUSPICIOUS_MOVE = YES;
				CLANG_WARN_UNGUARDED_AVAILABILITY = YES_AGGRESSIVE;
				CLANG_WARN_UNREACHABLE_CODE = YES;
				CLANG_WARN__DUPLICATE_METHOD_MATCH = YES;
				COPY_PHASE_STRIP = NO;
				DEBUG_INFORMATION_FORMAT = "dwarf-with-dsym";
				ENABLE_NS_ASSERTIONS = NO;
				ENABLE_STRICT_OBJC_MSGSEND = YES;
				ENABLE_USER_SCRIPT_SANDBOXING = YES;
				GCC_C_LANGUAGE_STANDARD = gnu17;
				GCC_NO_COMMON_BLOCKS = YES;
				GCC_WARN_64_TO_32_BIT_CONVERSION = YES;
				GCC_WARN_ABOUT_RETURN_TYPE = YES_ERROR;
				GCC_WARN_UNDECLARED_SELECTOR = YES;
				GCC_WARN_UNINITIALIZED_AUTOS = YES_AGGRESSIVE;
				GCC_WARN_UNUSED_FUNCTION = YES;
				GCC_WARN_UNUSED_VARIABLE = YES;
				IPHONEOS_DEPLOYMENT_TARGET = 18.5;
				LOCALIZATION_PREFERS_STRING_CATALOGS = YES;
				MTL_ENABLE_DEBUG_INFO = NO;
				MTL_FAST_MATH = YES;
				SDKROOT = iphoneos;
				SWIFT_COMPILATION_MODE = wholemodule;
				VALIDATE_PRODUCT = YES;
			};
			name = Release;
		};
		AE932C252E0825F3001B6FCE /* Debug */ = {
			isa = XCBuildConfiguration;
			buildSettings = {
				ASSETCATALOG_COMPILER_APPICON_NAME = AppIcon;
				ASSETCATALOG_COMPILER_GLOBAL_ACCENT_COLOR_NAME = AccentColor;
				CODE_SIGN_STYLE = Automatic;
				CURRENT_PROJECT_VERSION = 1;
				ENABLE_PREVIEWS = YES;
				GENERATE_INFOPLIST_FILE = YES;
				INFOPLIST_KEY_CFBundleDisplayName = Culinova;
				INFOPLIST_KEY_LSApplicationCategoryType = "public.app-category.food-and-drink";
				INFOPLIST_KEY_NSPhotoLibraryUsageDescription = "We need access to your photos so you can add pictures of your recipes.";
				INFOPLIST_KEY_UIApplicationSceneManifest_Generation = YES;
				INFOPLIST_KEY_UIApplicationSupportsIndirectInputEvents = YES;
				INFOPLIST_KEY_UILaunchScreen_Generation = YES;
				INFOPLIST_KEY_UISupportedInterfaceOrientations_iPad = "UIInterfaceOrientationPortrait UIInterfaceOrientationPortraitUpsideDown UIInterfaceOrientationLandscapeLeft UIInterfaceOrientationLandscapeRight";
				INFOPLIST_KEY_UISupportedInterfaceOrientations_iPhone = "UIInterfaceOrientationPortrait UIInterfaceOrientationLandscapeLeft UIInterfaceOrientationLandscapeRight";
				LD_RUNPATH_SEARCH_PATHS = (
					"$(inherited)",
					"@executable_path/Frameworks",
				);
				MARKETING_VERSION = 1.0;
				PRODUCT_BUNDLE_IDENTIFIER = nzorkic.Culinova;
				PRODUCT_NAME = "$(TARGET_NAME)";
				SWIFT_EMIT_LOC_STRINGS = YES;
				SWIFT_VERSION = 5.0;
				TARGETED_DEVICE_FAMILY = "1,2";
			};
			name = Debug;
		};
		AE932C262E0825F3001B6FCE /* Release */ = {
			isa = XCBuildConfiguration;
			buildSettings = {
				ASSETCATALOG_COMPILER_APPICON_NAME = AppIcon;
				ASSETCATALOG_COMPILER_GLOBAL_ACCENT_COLOR_NAME = AccentColor;
				CODE_SIGN_STYLE = Automatic;
				CURRENT_PROJECT_VERSION = 1;
				ENABLE_PREVIEWS = YES;
				GENERATE_INFOPLIST_FILE = YES;
				INFOPLIST_KEY_CFBundleDisplayName = Culinova;
				INFOPLIST_KEY_LSApplicationCategoryType = "public.app-category.food-and-drink";
				INFOPLIST_KEY_NSPhotoLibraryUsageDescription = "We need access to your photos so you can add pictures of your recipes.";
				INFOPLIST_KEY_UIApplicationSceneManifest_Generation = YES;
				INFOPLIST_KEY_UIApplicationSupportsIndirectInputEvents = YES;
				INFOPLIST_KEY_UILaunchScreen_Generation = YES;
				INFOPLIST_KEY_UISupportedInterfaceOrientations_iPad = "UIInterfaceOrientationPortrait UIInterfaceOrientationPortraitUpsideDown UIInterfaceOrientationLandscapeLeft UIInterfaceOrientationLandscapeRight";
				INFOPLIST_KEY_UISupportedInterfaceOrientations_iPhone = "UIInterfaceOrientationPortrait UIInterfaceOrientationLandscapeLeft UIInterfaceOrientationLandscapeRight";
				LD_RUNPATH_SEARCH_PATHS = (
					"$(inherited)",
					"@executable_path/Frameworks",
				);
				MARKETING_VERSION = 1.0;
				PRODUCT_BUNDLE_IDENTIFIER = nzorkic.Culinova;
				PRODUCT_NAME = "$(TARGET_NAME)";
				SWIFT_EMIT_LOC_STRINGS = YES;
				SWIFT_VERSION = 5.0;
				TARGETED_DEVICE_FAMILY = "1,2";
			};
			name = Release;
		};
		AE932C282E0825F3001B6FCE /* Debug */ = {
			isa = XCBuildConfiguration;
			buildSettings = {
				BUNDLE_LOADER = "$(TEST_HOST)";
				CODE_SIGN_STYLE = Automatic;
				CURRENT_PROJECT_VERSION = 1;
				GENERATE_INFOPLIST_FILE = YES;
				IPHONEOS_DEPLOYMENT_TARGET = 18.5;
				MARKETING_VERSION = 1.0;
				PRODUCT_BUNDLE_IDENTIFIER = nzorkic.CulinovaTests;
				PRODUCT_NAME = "$(TARGET_NAME)";
				SWIFT_EMIT_LOC_STRINGS = NO;
				SWIFT_VERSION = 5.0;
				TARGETED_DEVICE_FAMILY = "1,2";
				TEST_HOST = "$(BUILT_PRODUCTS_DIR)/Culinova.app/$(BUNDLE_EXECUTABLE_FOLDER_PATH)/Culinova";
			};
			name = Debug;
		};
		AE932C292E0825F3001B6FCE /* Release */ = {
			isa = XCBuildConfiguration;
			buildSettings = {
				BUNDLE_LOADER = "$(TEST_HOST)";
				CODE_SIGN_STYLE = Automatic;
				CURRENT_PROJECT_VERSION = 1;
				GENERATE_INFOPLIST_FILE = YES;
				IPHONEOS_DEPLOYMENT_TARGET = 18.5;
				MARKETING_VERSION = 1.0;
				PRODUCT_BUNDLE_IDENTIFIER = nzorkic.CulinovaTests;
				PRODUCT_NAME = "$(TARGET_NAME)";
				SWIFT_EMIT_LOC_STRINGS = NO;
				SWIFT_VERSION = 5.0;
				TARGETED_DEVICE_FAMILY = "1,2";
				TEST_HOST = "$(BUILT_PRODUCTS_DIR)/Culinova.app/$(BUNDLE_EXECUTABLE_FOLDER_PATH)/Culinova";
			};
			name = Release;
		};
		AE932C2B2E0825F3001B6FCE /* Debug */ = {
			isa = XCBuildConfiguration;
			buildSettings = {
				CODE_SIGN_STYLE = Automatic;
				CURRENT_PROJECT_VERSION = 1;
				GENERATE_INFOPLIST_FILE = YES;
				MARKETING_VERSION = 1.0;
				PRODUCT_BUNDLE_IDENTIFIER = nzorkic.CulinovaUITests;
				PRODUCT_NAME = "$(TARGET_NAME)";
				SWIFT_EMIT_LOC_STRINGS = NO;
				SWIFT_VERSION = 5.0;
				TARGETED_DEVICE_FAMILY = "1,2";
				TEST_TARGET_NAME = Culinova;
			};
			name = Debug;
		};
		AE932C2C2E0825F3001B6FCE /* Release */ = {
			isa = XCBuildConfiguration;
			buildSettings = {
				CODE_SIGN_STYLE = Automatic;
				CURRENT_PROJECT_VERSION = 1;
				GENERATE_INFOPLIST_FILE = YES;
				MARKETING_VERSION = 1.0;
				PRODUCT_BUNDLE_IDENTIFIER = nzorkic.CulinovaUITests;
				PRODUCT_NAME = "$(TARGET_NAME)";
				SWIFT_EMIT_LOC_STRINGS = NO;
				SWIFT_VERSION = 5.0;
				TARGETED_DEVICE_FAMILY = "1,2";
				TEST_TARGET_NAME = Culinova;
			};
			name = Release;
		};
/* End XCBuildConfiguration section */

/* Begin XCConfigurationList section */
		AE932BFE2E0825F2001B6FCE /* Build configuration list for PBXProject "Culinova" */ = {
			isa = XCConfigurationList;
			buildConfigurations = (
				AE932C222E0825F3001B6FCE /* Debug */,
				AE932C232E0825F3001B6FCE /* Release */,
			);
			defaultConfigurationIsVisible = 0;
			defaultConfigurationName = Release;
		};
		AE932C242E0825F3001B6FCE /* Build configuration list for PBXNativeTarget "Culinova" */ = {
			isa = XCConfigurationList;
			buildConfigurations = (
				AE932C252E0825F3001B6FCE /* Debug */,
				AE932C262E0825F3001B6FCE /* Release */,
			);
			defaultConfigurationIsVisible = 0;
			defaultConfigurationName = Release;
		};
		AE932C272E0825F3001B6FCE /* Build configuration list for PBXNativeTarget "CulinovaTests" */ = {
			isa = XCConfigurationList;
			buildConfigurations = (
				AE932C282E0825F3001B6FCE /* Debug */,
				AE932C292E0825F3001B6FCE /* Release */,
			);
			defaultConfigurationIsVisible = 0;
			defaultConfigurationName = Release;
		};
		AE932C2A2E0825F3001B6FCE /* Build configuration list for PBXNativeTarget "CulinovaUITests" */ = {
			isa = XCConfigurationList;
			buildConfigurations = (
				AE932C2B2E0825F3001B6FCE /* Debug */,
				AE932C2C2E0825F3001B6FCE /* Release */,
			);
			defaultConfigurationIsVisible = 0;
			defaultConfigurationName = Release;
		};
/* End XCConfigurationList section */

/* Begin XCRemoteSwiftPackageReference section */
		AE932C7D2E08A99F001B6FCE /* XCRemoteSwiftPackageReference "firebase-ios-sdk" */ = {
			isa = XCRemoteSwiftPackageReference;
			repositoryURL = "https://github.com/firebase/firebase-ios-sdk";
			requirement = {
				kind = upToNextMajorVersion;
				minimumVersion = 11.14.0;
			};
		};
/* End XCRemoteSwiftPackageReference section */

/* Begin XCSwiftPackageProductDependency section */
		AE932C7E2E08A99F001B6FCE /* FirebaseAuth */ = {
			isa = XCSwiftPackageProductDependency;
			package = AE932C7D2E08A99F001B6FCE /* XCRemoteSwiftPackageReference "firebase-ios-sdk" */;
			productName = FirebaseAuth;
		};
		AE932C802E08AA08001B6FCE /* FirebaseAnalytics */ = {
			isa = XCSwiftPackageProductDependency;
			package = AE932C7D2E08A99F001B6FCE /* XCRemoteSwiftPackageReference "firebase-ios-sdk" */;
			productName = FirebaseAnalytics;
		};
/* End XCSwiftPackageProductDependency section */
	};
	rootObject = AE932BFB2E0825F2001B6FCE /* Project object */;
}
